
Microsoft Visual Studio Solution File, Format Version 12.00
# Visual Studio Express 2013 for Web
VisualStudioVersion = 12.0.30723.0
MinimumVisualStudioVersion = 10.0.40219.1
Project("{FAE04EC0-301F-11D3-BF4B-00C04F79EFBC}") = "SogetiSkills.UI", "SogetiSkills.UI\SogetiSkills.UI.csproj", "{7961EAC9-E047-45E2-958B-F6D1910CE252}"
	ProjectSection(ProjectDependencies) = postProject
		{8C2D47F8-4216-4AC0-83EB-A5898C74BB8C} = {8C2D47F8-4216-4AC0-83EB-A5898C74BB8C}
	EndProjectSection
EndProject
Project("{FAE04EC0-301F-11D3-BF4B-00C04F79EFBC}") = "SogetiSkills.Tests", "SogetiSkills.Tests\SogetiSkills.Tests.csproj", "{4033F833-4630-4452-ACA7-70E33B41EE3E}"
EndProject
Project("{2150E333-8FDC-42A3-9474-1A3956D46DE8}") = ".nuget", ".nuget", "{A081D964-80AE-4EF6-80A9-6BAA6FC7BE84}"
	ProjectSection(SolutionItems) = preProject
		.nuget\NuGet.Config = .nuget\NuGet.Config
		.nuget\NuGet.exe = .nuget\NuGet.exe
		.nuget\NuGet.targets = .nuget\NuGet.targets
	EndProjectSection
EndProject
Project("{FAE04EC0-301F-11D3-BF4B-00C04F79EFBC}") = "SogetiSkills.API", "SogetiSkills.API\SogetiSkills.API.csproj", "{8C2D47F8-4216-4AC0-83EB-A5898C74BB8C}"
EndProject
Global
	GlobalSection(SolutionConfigurationPlatforms) = preSolution
		Debug|Any CPU = Debug|Any CPU
		Release|Any CPU = Release|Any CPU
	EndGlobalSection
	GlobalSection(ProjectConfigurationPlatforms) = postSolution
		{7961EAC9-E047-45E2-958B-F6D1910CE252}.Debug|Any CPU.ActiveCfg = Debug|Any CPU
		{7961EAC9-E047-45E2-958B-F6D1910CE252}.Debug|Any CPU.Build.0 = Debug|Any CPU
		{7961EAC9-E047-45E2-958B-F6D1910CE252}.Release|Any CPU.ActiveCfg = Release|Any CPU
		{7961EAC9-E047-45E2-958B-F6D1910CE252}.Release|Any CPU.Build.0 = Release|Any CPU
		{4033F833-4630-4452-ACA7-70E33B41EE3E}.Debug|Any CPU.ActiveCfg = Debug|Any CPU
		{4033F833-4630-4452-ACA7-70E33B41EE3E}.Debug|Any CPU.Build.0 = Debug|Any CPU
		{4033F833-4630-4452-ACA7-70E33B41EE3E}.Release|Any CPU.ActiveCfg = Release|Any CPU
		{4033F833-4630-4452-ACA7-70E33B41EE3E}.Release|Any CPU.Build.0 = Release|Any CPU
		{8C2D47F8-4216-4AC0-83EB-A5898C74BB8C}.Debug|Any CPU.ActiveCfg = Debug|Any CPU
		{8C2D47F8-4216-4AC0-83EB-A5898C74BB8C}.Debug|Any CPU.Build.0 = Debug|Any CPU
		{8C2D47F8-4216-4AC0-83EB-A5898C74BB8C}.Release|Any CPU.ActiveCfg = Release|Any CPU
		{8C2D47F8-4216-4AC0-83EB-A5898C74BB8C}.Release|Any CPU.Build.0 = Release|Any CPU
	EndGlobalSection
	GlobalSection(SolutionProperties) = preSolution
		HideSolutionNode = FALSE
	EndGlobalSection
EndGlobal
